
Microsoft Visual Studio Solution File, Format Version 12.00
# Visual Studio Version 16
VisualStudioVersion = 25.0.1706.4
MinimumVisualStudioVersion = 10.0.40219.1
Project("{FAE04EC0-301F-11D3-BF4B-00C04F79EFBC}") = "MenuMasters API", "MenuMasters API.csproj", "{64E43BF7-E483-4BE5-818C-E64778D311FA}"
EndProject
Project("{FAE04EC0-301F-11D3-BF4B-00C04F79EFBC}") = "DataAccess", "..\DataAccess\DataAccess.csproj", "{F2EF9AED-8CBF-408F-B207-A29A3C97FCEF}"
EndProject
Project("{FAE04EC0-301F-11D3-BF4B-00C04F79EFBC}") = "Contract_Data_Bussiness", "..\Contract_Data_Bussiness\Contract_Data_Bussiness.csproj", "{785E54DF-6835-4939-A78F-3F089A4C77BF}"
Project("{FAE04EC0-301F-11D3-BF4B-00C04F79EFBC}") = "Bussiness", "..\Bussiness\Bussiness.csproj", "{EB632415-5BC4-43D0-BD2D-F93FD36337F2}"
EndProject
Project("{FAE04EC0-301F-11D3-BF4B-00C04F79EFBC}") = "Contract_API_Bussiness", "..\Contract_API_Bussiness\Contract_API_Bussiness.csproj", "{19016603-D175-4889-9B45-1867CB9D8146}"
EndProject
Project("{FAE04EC0-301F-11D3-BF4B-00C04F79EFBC}") = "Models", "..\Models\Models.csproj", "{C573AF17-CDBB-4BD8-B73D-DF652E91E23F}"
EndProject
Global
	GlobalSection(SolutionConfigurationPlatforms) = preSolution
		Debug|Any CPU = Debug|Any CPU
		Release|Any CPU = Release|Any CPU
	EndGlobalSection
	GlobalSection(ProjectConfigurationPlatforms) = postSolution
		{64E43BF7-E483-4BE5-818C-E64778D311FA}.Debug|Any CPU.ActiveCfg = Debug|Any CPU
		{64E43BF7-E483-4BE5-818C-E64778D311FA}.Debug|Any CPU.Build.0 = Debug|Any CPU
		{64E43BF7-E483-4BE5-818C-E64778D311FA}.Release|Any CPU.ActiveCfg = Release|Any CPU
		{64E43BF7-E483-4BE5-818C-E64778D311FA}.Release|Any CPU.Build.0 = Release|Any CPU
		{F2EF9AED-8CBF-408F-B207-A29A3C97FCEF}.Debug|Any CPU.ActiveCfg = Debug|Any CPU
		{F2EF9AED-8CBF-408F-B207-A29A3C97FCEF}.Debug|Any CPU.Build.0 = Debug|Any CPU
		{F2EF9AED-8CBF-408F-B207-A29A3C97FCEF}.Release|Any CPU.ActiveCfg = Release|Any CPU
		{F2EF9AED-8CBF-408F-B207-A29A3C97FCEF}.Release|Any CPU.Build.0 = Release|Any CPU
		{785E54DF-6835-4939-A78F-3F089A4C77BF}.Debug|Any CPU.ActiveCfg = Debug|Any CPU
		{785E54DF-6835-4939-A78F-3F089A4C77BF}.Debug|Any CPU.Build.0 = Debug|Any CPU
		{785E54DF-6835-4939-A78F-3F089A4C77BF}.Release|Any CPU.ActiveCfg = Release|Any CPU
		{785E54DF-6835-4939-A78F-3F089A4C77BF}.Release|Any CPU.Build.0 = Release|Any CPU
		{EB632415-5BC4-43D0-BD2D-F93FD36337F2}.Debug|Any CPU.ActiveCfg = Debug|Any CPU
		{EB632415-5BC4-43D0-BD2D-F93FD36337F2}.Debug|Any CPU.Build.0 = Debug|Any CPU
		{EB632415-5BC4-43D0-BD2D-F93FD36337F2}.Release|Any CPU.ActiveCfg = Release|Any CPU
		{EB632415-5BC4-43D0-BD2D-F93FD36337F2}.Release|Any CPU.Build.0 = Release|Any CPU
		{19016603-D175-4889-9B45-1867CB9D8146}.Debug|Any CPU.ActiveCfg = Debug|Any CPU
		{19016603-D175-4889-9B45-1867CB9D8146}.Debug|Any CPU.Build.0 = Debug|Any CPU
		{19016603-D175-4889-9B45-1867CB9D8146}.Release|Any CPU.ActiveCfg = Release|Any CPU
		{19016603-D175-4889-9B45-1867CB9D8146}.Release|Any CPU.Build.0 = Release|Any CPU
		{C573AF17-CDBB-4BD8-B73D-DF652E91E23F}.Debug|Any CPU.ActiveCfg = Debug|Any CPU
		{C573AF17-CDBB-4BD8-B73D-DF652E91E23F}.Debug|Any CPU.Build.0 = Debug|Any CPU
		{C573AF17-CDBB-4BD8-B73D-DF652E91E23F}.Release|Any CPU.ActiveCfg = Release|Any CPU
		{C573AF17-CDBB-4BD8-B73D-DF652E91E23F}.Release|Any CPU.Build.0 = Release|Any CPU
	EndGlobalSection
	GlobalSection(SolutionProperties) = preSolution
		HideSolutionNode = FALSE
	EndGlobalSection
	GlobalSection(ExtensibilityGlobals) = postSolution
		SolutionGuid = {CD44910D-C69B-4892-A855-FBBAB2343E69}
	EndGlobalSection
EndGlobal
