
Microsoft Visual Studio Solution File, Format Version 12.00
# Visual Studio Version 17
VisualStudioVersion = 17.7.34018.315
MinimumVisualStudioVersion = 10.0.40219.1
Project("{9A19103F-16F7-4668-BE54-9A1E7A4F7556}") = "MenuMastersAPI", "MenuMastersAPI.csproj", "{64E43BF7-E483-4BE5-818C-E64778D311FA}"
EndProject
Project("{9A19103F-16F7-4668-BE54-9A1E7A4F7556}") = "DataAccess", "..\DataAccess\DataAccess.csproj", "{F2EF9AED-8CBF-408F-B207-A29A3C97FCEF}"
EndProject
Project("{9A19103F-16F7-4668-BE54-9A1E7A4F7556}") = "Contract_Data_Bussiness", "..\Contract_Data_Bussiness\Contract_Data_Bussiness.csproj", "{785E54DF-6835-4939-A78F-3F089A4C77BF}"
EndProject
Project("{9A19103F-16F7-4668-BE54-9A1E7A4F7556}") = "Contract_API_Bussiness", "..\Contract_API_Bussiness\Contract_API_Bussiness.csproj", "{19016603-D175-4889-9B45-1867CB9D8146}"
EndProject
Project("{9A19103F-16F7-4668-BE54-9A1E7A4F7556}") = "Models", "..\Models\Models.csproj", "{C573AF17-CDBB-4BD8-B73D-DF652E91E23F}"
EndProject
Project("{9A19103F-16F7-4668-BE54-9A1E7A4F7556}") = "Bussiness", "..\Bussiness\Bussiness.csproj", "{575660A0-C354-4C91-9949-EDD7FAF4A8FB}"
EndProject
Project("{9A19103F-16F7-4668-BE54-9A1E7A4F7556}") = "DataAccess_Factory", "..\DataAccess_Factory\DataAccess_Factory.csproj", "{D938C81D-D710-4375-902B-B9BE47A24EA7}"
EndProject
Project("{9A19103F-16F7-4668-BE54-9A1E7A4F7556}") = "Bussiness_Factory", "..\Bussiness_Factory\Bussiness_Factory.csproj", "{CCD21D91-0BF4-4127-9F4F-72EFA9E4E232}"
EndProject
Global
	GlobalSection(SolutionConfigurationPlatforms) = preSolution
		Debug|Any CPU = Debug|Any CPU
		Release|Any CPU = Release|Any CPU
	EndGlobalSection
	GlobalSection(ProjectConfigurationPlatforms) = postSolution
		{64E43BF7-E483-4BE5-818C-E64778D311FA}.Debug|Any CPU.ActiveCfg = Debug|Any CPU
		{64E43BF7-E483-4BE5-818C-E64778D311FA}.Debug|Any CPU.Build.0 = Debug|Any CPU
		{64E43BF7-E483-4BE5-818C-E64778D311FA}.Release|Any CPU.ActiveCfg = Release|Any CPU
		{64E43BF7-E483-4BE5-818C-E64778D311FA}.Release|Any CPU.Build.0 = Release|Any CPU
		{F2EF9AED-8CBF-408F-B207-A29A3C97FCEF}.Debug|Any CPU.ActiveCfg = Debug|Any CPU
		{F2EF9AED-8CBF-408F-B207-A29A3C97FCEF}.Debug|Any CPU.Build.0 = Debug|Any CPU
		{F2EF9AED-8CBF-408F-B207-A29A3C97FCEF}.Release|Any CPU.ActiveCfg = Release|Any CPU
		{F2EF9AED-8CBF-408F-B207-A29A3C97FCEF}.Release|Any CPU.Build.0 = Release|Any CPU
		{785E54DF-6835-4939-A78F-3F089A4C77BF}.Debug|Any CPU.ActiveCfg = Debug|Any CPU
		{785E54DF-6835-4939-A78F-3F089A4C77BF}.Debug|Any CPU.Build.0 = Debug|Any CPU
		{785E54DF-6835-4939-A78F-3F089A4C77BF}.Release|Any CPU.ActiveCfg = Release|Any CPU
		{785E54DF-6835-4939-A78F-3F089A4C77BF}.Release|Any CPU.Build.0 = Release|Any CPU
		{19016603-D175-4889-9B45-1867CB9D8146}.Debug|Any CPU.ActiveCfg = Debug|Any CPU
		{19016603-D175-4889-9B45-1867CB9D8146}.Debug|Any CPU.Build.0 = Debug|Any CPU
		{19016603-D175-4889-9B45-1867CB9D8146}.Release|Any CPU.ActiveCfg = Release|Any CPU
		{19016603-D175-4889-9B45-1867CB9D8146}.Release|Any CPU.Build.0 = Release|Any CPU
		{C573AF17-CDBB-4BD8-B73D-DF652E91E23F}.Debug|Any CPU.ActiveCfg = Debug|Any CPU
		{C573AF17-CDBB-4BD8-B73D-DF652E91E23F}.Debug|Any CPU.Build.0 = Debug|Any CPU
		{C573AF17-CDBB-4BD8-B73D-DF652E91E23F}.Release|Any CPU.ActiveCfg = Release|Any CPU
		{C573AF17-CDBB-4BD8-B73D-DF652E91E23F}.Release|Any CPU.Build.0 = Release|Any CPU
		{575660A0-C354-4C91-9949-EDD7FAF4A8FB}.Debug|Any CPU.ActiveCfg = Debug|Any CPU
		{575660A0-C354-4C91-9949-EDD7FAF4A8FB}.Debug|Any CPU.Build.0 = Debug|Any CPU
		{575660A0-C354-4C91-9949-EDD7FAF4A8FB}.Release|Any CPU.ActiveCfg = Release|Any CPU
		{575660A0-C354-4C91-9949-EDD7FAF4A8FB}.Release|Any CPU.Build.0 = Release|Any CPU
		{D938C81D-D710-4375-902B-B9BE47A24EA7}.Debug|Any CPU.ActiveCfg = Debug|Any CPU
		{D938C81D-D710-4375-902B-B9BE47A24EA7}.Debug|Any CPU.Build.0 = Debug|Any CPU
		{D938C81D-D710-4375-902B-B9BE47A24EA7}.Release|Any CPU.ActiveCfg = Release|Any CPU
		{D938C81D-D710-4375-902B-B9BE47A24EA7}.Release|Any CPU.Build.0 = Release|Any CPU
		{CCD21D91-0BF4-4127-9F4F-72EFA9E4E232}.Debug|Any CPU.ActiveCfg = Debug|Any CPU
		{CCD21D91-0BF4-4127-9F4F-72EFA9E4E232}.Debug|Any CPU.Build.0 = Debug|Any CPU
		{CCD21D91-0BF4-4127-9F4F-72EFA9E4E232}.Release|Any CPU.ActiveCfg = Release|Any CPU
		{CCD21D91-0BF4-4127-9F4F-72EFA9E4E232}.Release|Any CPU.Build.0 = Release|Any CPU
	EndGlobalSection
	GlobalSection(SolutionProperties) = preSolution
		HideSolutionNode = FALSE
	EndGlobalSection
	GlobalSection(ExtensibilityGlobals) = postSolution
		SolutionGuid = {CD44910D-C69B-4892-A855-FBBAB2343E69}
	EndGlobalSection
EndGlobal
